// !$*UTF8*$!
{
	archiveVersion = 1;
	classes = {
	};
	objectVersion = 56;
	objects = {

/* Begin PBXBuildFile section */
		CA7096362917C3FA00995266 /* ManWalkingMusic.m4a in Resources */ = {isa = PBXBuildFile; fileRef = CA7096352917C3FA00995266 /* ManWalkingMusic.m4a */; };
		CA7096372917C8D500995266 /* ManWalkingVideo.mp4 in Resources */ = {isa = PBXBuildFile; fileRef = F8C202442917BD1A00584084 /* ManWalkingVideo.mp4 */; };
		CA7096412917E53900995266 /* BicycleView.swift in Sources */ = {isa = PBXBuildFile; fileRef = CA7096402917E53900995266 /* BicycleView.swift */; };
		F8336006291766F9008BCCB3 /* SampleMusicFileApp.swift in Sources */ = {isa = PBXBuildFile; fileRef = F8336005291766F9008BCCB3 /* SampleMusicFileApp.swift */; };
		F8336008291766F9008BCCB3 /* ContentView.swift in Sources */ = {isa = PBXBuildFile; fileRef = F8336007291766F9008BCCB3 /* ContentView.swift */; };
		F833600A291766FA008BCCB3 /* Assets.xcassets in Resources */ = {isa = PBXBuildFile; fileRef = F8336009291766FA008BCCB3 /* Assets.xcassets */; };
		F833600D291766FA008BCCB3 /* Preview Assets.xcassets in Resources */ = {isa = PBXBuildFile; fileRef = F833600C291766FA008BCCB3 /* Preview Assets.xcassets */; };
		F8C202402917B0AA00584084 /* ContentViewModel.swift in Sources */ = {isa = PBXBuildFile; fileRef = F8C2023F2917B0AA00584084 /* ContentViewModel.swift */; };
		F8C202462917CB6700584084 /* ManWalkingVideo2.mp4 in Resources */ = {isa = PBXBuildFile; fileRef = F8C202452917CAE500584084 /* ManWalkingVideo2.mp4 */; };
/* End PBXBuildFile section */

/* Begin PBXFileReference section */
		CA7096352917C3FA00995266 /* ManWalkingMusic.m4a */ = {isa = PBXFileReference; lastKnownFileType = file; path = ManWalkingMusic.m4a; sourceTree = "<group>"; };
		CA7096402917E53900995266 /* BicycleView.swift */ = {isa = PBXFileReference; lastKnownFileType = sourcecode.swift; path = BicycleView.swift; sourceTree = "<group>"; };
		F8336002291766F9008BCCB3 /* SampleMusicFile.app */ = {isa = PBXFileReference; explicitFileType = wrapper.application; includeInIndex = 0; path = SampleMusicFile.app; sourceTree = BUILT_PRODUCTS_DIR; };
		F8336005291766F9008BCCB3 /* SampleMusicFileApp.swift */ = {isa = PBXFileReference; lastKnownFileType = sourcecode.swift; path = SampleMusicFileApp.swift; sourceTree = "<group>"; };
		F8336007291766F9008BCCB3 /* ContentView.swift */ = {isa = PBXFileReference; lastKnownFileType = sourcecode.swift; path = ContentView.swift; sourceTree = "<group>"; };
		F8336009291766FA008BCCB3 /* Assets.xcassets */ = {isa = PBXFileReference; lastKnownFileType = folder.assetcatalog; path = Assets.xcassets; sourceTree = "<group>"; };
		F833600C291766FA008BCCB3 /* Preview Assets.xcassets */ = {isa = PBXFileReference; lastKnownFileType = folder.assetcatalog; path = "Preview Assets.xcassets"; sourceTree = "<group>"; };
		F8C2023F2917B0AA00584084 /* ContentViewModel.swift */ = {isa = PBXFileReference; lastKnownFileType = sourcecode.swift; path = ContentViewModel.swift; sourceTree = "<group>"; };
		F8C202442917BD1A00584084 /* ManWalkingVideo.mp4 */ = {isa = PBXFileReference; lastKnownFileType = file; path = ManWalkingVideo.mp4; sourceTree = "<group>"; };
		F8C202452917CAE500584084 /* ManWalkingVideo2.mp4 */ = {isa = PBXFileReference; lastKnownFileType = file; path = ManWalkingVideo2.mp4; sourceTree = "<group>"; };
/* End PBXFileReference section */

/* Begin PBXFrameworksBuildPhase section */
		F8335FFF291766F9008BCCB3 /* Frameworks */ = {
			isa = PBXFrameworksBuildPhase;
			buildActionMask = 2147483647;
			files = (
			);
			runOnlyForDeploymentPostprocessing = 0;
		};
/* End PBXFrameworksBuildPhase section */

/* Begin PBXGroup section */
		F8335FF9291766F8008BCCB3 = {
			isa = PBXGroup;
			children = (
				F8336004291766F9008BCCB3 /* SampleMusicFile */,
				F8336003291766F9008BCCB3 /* Products */,
			);
			sourceTree = "<group>";
		};
		F8336003291766F9008BCCB3 /* Products */ = {
			isa = PBXGroup;
			children = (
				F8336002291766F9008BCCB3 /* SampleMusicFile.app */,
			);
			name = Products;
			sourceTree = "<group>";
		};
		F8336004291766F9008BCCB3 /* SampleMusicFile */ = {
			isa = PBXGroup;
			children = (
				F8C202452917CAE500584084 /* ManWalkingVideo2.mp4 */,
				F8C202442917BD1A00584084 /* ManWalkingVideo.mp4 */,
				CA7096352917C3FA00995266 /* ManWalkingMusic.m4a */,
				F8336005291766F9008BCCB3 /* SampleMusicFileApp.swift */,
				F8336007291766F9008BCCB3 /* ContentView.swift */,
				F8C2023F2917B0AA00584084 /* ContentViewModel.swift */,
				CA7096402917E53900995266 /* BicycleView.swift */,
				F8336009291766FA008BCCB3 /* Assets.xcassets */,
				F833600B291766FA008BCCB3 /* Preview Content */,
			);
			path = SampleMusicFile;
			sourceTree = "<group>";
		};
		F833600B291766FA008BCCB3 /* Preview Content */ = {
			isa = PBXGroup;
			children = (
				F833600C291766FA008BCCB3 /* Preview Assets.xcassets */,
			);
			path = "Preview Content";
			sourceTree = "<group>";
		};
/* End PBXGroup section */

/* Begin PBXNativeTarget section */
		F8336001291766F9008BCCB3 /* SampleMusicFile */ = {
			isa = PBXNativeTarget;
			buildConfigurationList = F8336010291766FA008BCCB3 /* Build configuration list for PBXNativeTarget "SampleMusicFile" */;
			buildPhases = (
				F8335FFE291766F9008BCCB3 /* Sources */,
				F8335FFF291766F9008BCCB3 /* Frameworks */,
				F8336000291766F9008BCCB3 /* Resources */,
			);
			buildRules = (
			);
			dependencies = (
			);
			name = SampleMusicFile;
			productName = SampleMusicFile;
			productReference = F8336002291766F9008BCCB3 /* SampleMusicFile.app */;
			productType = "com.apple.product-type.application";
		};
/* End PBXNativeTarget section */

/* Begin PBXProject section */
		F8335FFA291766F8008BCCB3 /* Project object */ = {
			isa = PBXProject;
			attributes = {
				BuildIndependentTargetsInParallel = 1;
				LastSwiftUpdateCheck = 1400;
				LastUpgradeCheck = 1400;
				TargetAttributes = {
					F8336001291766F9008BCCB3 = {
						CreatedOnToolsVersion = 14.0.1;
					};
				};
			};
			buildConfigurationList = F8335FFD291766F8008BCCB3 /* Build configuration list for PBXProject "SampleMusicFile" */;
			compatibilityVersion = "Xcode 14.0";
			developmentRegion = en;
			hasScannedForEncodings = 0;
			knownRegions = (
				en,
				Base,
			);
			mainGroup = F8335FF9291766F8008BCCB3;
			productRefGroup = F8336003291766F9008BCCB3 /* Products */;
			projectDirPath = "";
			projectRoot = "";
			targets = (
				F8336001291766F9008BCCB3 /* SampleMusicFile */,
			);
		};
/* End PBXProject section */

/* Begin PBXResourcesBuildPhase section */
		F8336000291766F9008BCCB3 /* Resources */ = {
			isa = PBXResourcesBuildPhase;
			buildActionMask = 2147483647;
			files = (
				F833600D291766FA008BCCB3 /* Preview Assets.xcassets in Resources */,
				CA7096362917C3FA00995266 /* ManWalkingMusic.m4a in Resources */,
				CA7096372917C8D500995266 /* ManWalkingVideo.mp4 in Resources */,
				F8C202462917CB6700584084 /* ManWalkingVideo2.mp4 in Resources */,
				F833600A291766FA008BCCB3 /* Assets.xcassets in Resources */,
			);
			runOnlyForDeploymentPostprocessing = 0;
		};
/* End PBXResourcesBuildPhase section */

/* Begin PBXSourcesBuildPhase section */
		F8335FFE291766F9008BCCB3 /* Sources */ = {
			isa = PBXSourcesBuildPhase;
			buildActionMask = 2147483647;
			files = (
				F8336008291766F9008BCCB3 /* ContentView.swift in Sources */,
				F8336006291766F9008BCCB3 /* SampleMusicFileApp.swift in Sources */,
				CA7096412917E53900995266 /* BicycleView.swift in Sources */,
				F8C202402917B0AA00584084 /* ContentViewModel.swift in Sources */,
			);
			runOnlyForDeploymentPostprocessing = 0;
		};
/* End PBXSourcesBuildPhase section */

/* Begin XCBuildConfiguration section */
		F833600E291766FA008BCCB3 /* Debug */ = {
			isa = XCBuildConfiguration;
			buildSettings = {
				ALWAYS_SEARCH_USER_PATHS = NO;
				CLANG_ANALYZER_NONNULL = YES;
				CLANG_ANALYZER_NUMBER_OBJECT_CONVERSION = YES_AGGRESSIVE;
				CLANG_CXX_LANGUAGE_STANDARD = "gnu++20";
				CLANG_ENABLE_MODULES = YES;
				CLANG_ENABLE_OBJC_ARC = YES;
				CLANG_ENABLE_OBJC_WEAK = YES;
				CLANG_WARN_BLOCK_CAPTURE_AUTORELEASING = YES;
				CLANG_WARN_BOOL_CONVERSION = YES;
				CLANG_WARN_COMMA = YES;
				CLANG_WARN_CONSTANT_CONVERSION = YES;
				CLANG_WARN_DEPRECATED_OBJC_IMPLEMENTATIONS = YES;
				CLANG_WARN_DIRECT_OBJC_ISA_USAGE = YES_ERROR;
				CLANG_WARN_DOCUMENTATION_COMMENTS = YES;
				CLANG_WARN_EMPTY_BODY = YES;
				CLANG_WARN_ENUM_CONVERSION = YES;
				CLANG_WARN_INFINITE_RECURSION = YES;
				CLANG_WARN_INT_CONVERSION = YES;
				CLANG_WARN_NON_LITERAL_NULL_CONVERSION = YES;
				CLANG_WARN_OBJC_IMPLICIT_RETAIN_SELF = YES;
				CLANG_WARN_OBJC_LITERAL_CONVERSION = YES;
				CLANG_WARN_OBJC_ROOT_CLASS = YES_ERROR;
				CLANG_WARN_QUOTED_INCLUDE_IN_FRAMEWORK_HEADER = YES;
				CLANG_WARN_RANGE_LOOP_ANALYSIS = YES;
				CLANG_WARN_STRICT_PROTOTYPES = YES;
				CLANG_WARN_SUSPICIOUS_MOVE = YES;
				CLANG_WARN_UNGUARDED_AVAILABILITY = YES_AGGRESSIVE;
				CLANG_WARN_UNREACHABLE_CODE = YES;
				CLANG_WARN__DUPLICATE_METHOD_MATCH = YES;
				COPY_PHASE_STRIP = NO;
				DEBUG_INFORMATION_FORMAT = dwarf;
				ENABLE_STRICT_OBJC_MSGSEND = YES;
				ENABLE_TESTABILITY = YES;
				GCC_C_LANGUAGE_STANDARD = gnu11;
				GCC_DYNAMIC_NO_PIC = NO;
				GCC_NO_COMMON_BLOCKS = YES;
				GCC_OPTIMIZATION_LEVEL = 0;
				GCC_PREPROCESSOR_DEFINITIONS = (
					"DEBUG=1",
					"$(inherited)",
				);
				GCC_WARN_64_TO_32_BIT_CONVERSION = YES;
				GCC_WARN_ABOUT_RETURN_TYPE = YES_ERROR;
				GCC_WARN_UNDECLARED_SELECTOR = YES;
				GCC_WARN_UNINITIALIZED_AUTOS = YES_AGGRESSIVE;
				GCC_WARN_UNUSED_FUNCTION = YES;
				GCC_WARN_UNUSED_VARIABLE = YES;
				IPHONEOS_DEPLOYMENT_TARGET = 16.0;
				MTL_ENABLE_DEBUG_INFO = INCLUDE_SOURCE;
				MTL_FAST_MATH = YES;
				ONLY_ACTIVE_ARCH = YES;
				SDKROOT = iphoneos;
				SWIFT_ACTIVE_COMPILATION_CONDITIONS = DEBUG;
				SWIFT_OPTIMIZATION_LEVEL = "-Onone";
			};
			name = Debug;
		};
		F833600F291766FA008BCCB3 /* Release */ = {
			isa = XCBuildConfiguration;
			buildSettings = {
				ALWAYS_SEARCH_USER_PATHS = NO;
				CLANG_ANALYZER_NONNULL = YES;
				CLANG_ANALYZER_NUMBER_OBJECT_CONVERSION = YES_AGGRESSIVE;
				CLANG_CXX_LANGUAGE_STANDARD = "gnu++20";
				CLANG_ENABLE_MODULES = YES;
				CLANG_ENABLE_OBJC_ARC = YES;
				CLANG_ENABLE_OBJC_WEAK = YES;
				CLANG_WARN_BLOCK_CAPTURE_AUTORELEASING = YES;
				CLANG_WARN_BOOL_CONVERSION = YES;
				CLANG_WARN_COMMA = YES;
				CLANG_WARN_CONSTANT_CONVERSION = YES;
				CLANG_WARN_DEPRECATED_OBJC_IMPLEMENTATIONS = YES;
				CLANG_WARN_DIRECT_OBJC_ISA_USAGE = YES_ERROR;
				CLANG_WARN_DOCUMENTATION_COMMENTS = YES;
				CLANG_WARN_EMPTY_BODY = YES;
				CLANG_WARN_ENUM_CONVERSION = YES;
				CLANG_WARN_INFINITE_RECURSION = YES;
				CLANG_WARN_INT_CONVERSION = YES;
				CLANG_WARN_NON_LITERAL_NULL_CONVERSION = YES;
				CLANG_WARN_OBJC_IMPLICIT_RETAIN_SELF = YES;
				CLANG_WARN_OBJC_LITERAL_CONVERSION = YES;
				CLANG_WARN_OBJC_ROOT_CLASS = YES_ERROR;
				CLANG_WARN_QUOTED_INCLUDE_IN_FRAMEWORK_HEADER = YES;
				CLANG_WARN_RANGE_LOOP_ANALYSIS = YES;
				CLANG_WARN_STRICT_PROTOTYPES = YES;
				CLANG_WARN_SUSPICIOUS_MOVE = YES;
				CLANG_WARN_UNGUARDED_AVAILABILITY = YES_AGGRESSIVE;
				CLANG_WARN_UNREACHABLE_CODE = YES;
				CLANG_WARN__DUPLICATE_METHOD_MATCH = YES;
				COPY_PHASE_STRIP = NO;
				DEBUG_INFORMATION_FORMAT = "dwarf-with-dsym";
				ENABLE_NS_ASSERTIONS = NO;
				ENABLE_STRICT_OBJC_MSGSEND = YES;
				GCC_C_LANGUAGE_STANDARD = gnu11;
				GCC_NO_COMMON_BLOCKS = YES;
				GCC_WARN_64_TO_32_BIT_CONVERSION = YES;
				GCC_WARN_ABOUT_RETURN_TYPE = YES_ERROR;
				GCC_WARN_UNDECLARED_SELECTOR = YES;
				GCC_WARN_UNINITIALIZED_AUTOS = YES_AGGRESSIVE;
				GCC_WARN_UNUSED_FUNCTION = YES;
				GCC_WARN_UNUSED_VARIABLE = YES;
				IPHONEOS_DEPLOYMENT_TARGET = 16.0;
				MTL_ENABLE_DEBUG_INFO = NO;
				MTL_FAST_MATH = YES;
				SDKROOT = iphoneos;
				SWIFT_COMPILATION_MODE = wholemodule;
				SWIFT_OPTIMIZATION_LEVEL = "-O";
				VALIDATE_PRODUCT = YES;
			};
			name = Release;
		};
		F8336011291766FA008BCCB3 /* Debug */ = {
			isa = XCBuildConfiguration;
			buildSettings = {
				ASSETCATALOG_COMPILER_APPICON_NAME = AppIcon;
				ASSETCATALOG_COMPILER_GLOBAL_ACCENT_COLOR_NAME = AccentColor;
				CODE_SIGN_STYLE = Automatic;
				CURRENT_PROJECT_VERSION = 1;
				DEVELOPMENT_ASSET_PATHS = "\"SampleMusicFile/Preview Content\"";
				ENABLE_PREVIEWS = YES;
				GENERATE_INFOPLIST_FILE = YES;
				INFOPLIST_KEY_UIApplicationSceneManifest_Generation = YES;
				INFOPLIST_KEY_UIApplicationSupportsIndirectInputEvents = YES;
				INFOPLIST_KEY_UILaunchScreen_Generation = YES;
				INFOPLIST_KEY_UISupportedInterfaceOrientations_iPad = "UIInterfaceOrientationPortrait UIInterfaceOrientationPortraitUpsideDown UIInterfaceOrientationLandscapeLeft UIInterfaceOrientationLandscapeRight";
				INFOPLIST_KEY_UISupportedInterfaceOrientations_iPhone = "UIInterfaceOrientationPortrait UIInterfaceOrientationLandscapeLeft UIInterfaceOrientationLandscapeRight";
				LD_RUNPATH_SEARCH_PATHS = (
					"$(inherited)",
					"@executable_path/Frameworks",
				);
				MARKETING_VERSION = 1.0;
				PRODUCT_BUNDLE_IDENTIFIER = com.lila.sample.SampleMusicFile;
				PRODUCT_NAME = "$(TARGET_NAME)";
				SWIFT_EMIT_LOC_STRINGS = YES;
				SWIFT_VERSION = 5.0;
				TARGETED_DEVICE_FAMILY = "1,2";
			};
			name = Debug;
		};
		F8336012291766FA008BCCB3 /* Release */ = {
			isa = XCBuildConfiguration;
			buildSettings = {
				ASSETCATALOG_COMPILER_APPICON_NAME = AppIcon;
				ASSETCATALOG_COMPILER_GLOBAL_ACCENT_COLOR_NAME = AccentColor;
				CODE_SIGN_STYLE = Automatic;
				CURRENT_PROJECT_VERSION = 1;
				DEVELOPMENT_ASSET_PATHS = "\"SampleMusicFile/Preview Content\"";
				ENABLE_PREVIEWS = YES;
				GENERATE_INFOPLIST_FILE = YES;
				INFOPLIST_KEY_UIApplicationSceneManifest_Generation = YES;
				INFOPLIST_KEY_UIApplicationSupportsIndirectInputEvents = YES;
				INFOPLIST_KEY_UILaunchScreen_Generation = YES;
				INFOPLIST_KEY_UISupportedInterfaceOrientations_iPad = "UIInterfaceOrientationPortrait UIInterfaceOrientationPortraitUpsideDown UIInterfaceOrientationLandscapeLeft UIInterfaceOrientationLandscapeRight";
				INFOPLIST_KEY_UISupportedInterfaceOrientations_iPhone = "UIInterfaceOrientationPortrait UIInterfaceOrientationLandscapeLeft UIInterfaceOrientationLandscapeRight";
				LD_RUNPATH_SEARCH_PATHS = (
					"$(inherited)",
					"@executable_path/Frameworks",
				);
				MARKETING_VERSION = 1.0;
				PRODUCT_BUNDLE_IDENTIFIER = com.lila.sample.SampleMusicFile;
				PRODUCT_NAME = "$(TARGET_NAME)";
				SWIFT_EMIT_LOC_STRINGS = YES;
				SWIFT_VERSION = 5.0;
				TARGETED_DEVICE_FAMILY = "1,2";
			};
			name = Release;
		};
/* End XCBuildConfiguration section */

/* Begin XCConfigurationList section */
		F8335FFD291766F8008BCCB3 /* Build configuration list for PBXProject "SampleMusicFile" */ = {
			isa = XCConfigurationList;
			buildConfigurations = (
				F833600E291766FA008BCCB3 /* Debug */,
				F833600F291766FA008BCCB3 /* Release */,
			);
			defaultConfigurationIsVisible = 0;
			defaultConfigurationName = Release;
		};
		F8336010291766FA008BCCB3 /* Build configuration list for PBXNativeTarget "SampleMusicFile" */ = {
			isa = XCConfigurationList;
			buildConfigurations = (
				F8336011291766FA008BCCB3 /* Debug */,
				F8336012291766FA008BCCB3 /* Release */,
			);
			defaultConfigurationIsVisible = 0;
			defaultConfigurationName = Release;
		};
/* End XCConfigurationList section */
	};
	rootObject = F8335FFA291766F8008BCCB3 /* Project object */;
}
